
Microsoft Visual Studio Solution File, Format Version 12.00
Project("{FAE04EC0-301F-11D3-BF4B-00C04F79EFBC}") = "MainForm", "MainForm\MainForm.csproj", "{88CFBD20-4789-4F61-BC99-F74627C15068}"
EndProject
Global
	GlobalSection(SolutionConfigurationPlatforms) = preSolution
		Debug|Any CPU = Debug|Any CPU
		Release|Any CPU = Release|Any CPU
	EndGlobalSection
	GlobalSection(ProjectConfigurationPlatforms) = postSolution
		{88CFBD20-4789-4F61-BC99-F74627C15068}.Debug|Any CPU.ActiveCfg = Debug|Any CPU
		{88CFBD20-4789-4F61-BC99-F74627C15068}.Debug|Any CPU.Build.0 = Debug|Any CPU
		{88CFBD20-4789-4F61-BC99-F74627C15068}.Release|Any CPU.ActiveCfg = Release|Any CPU
		{88CFBD20-4789-4F61-BC99-F74627C15068}.Release|Any CPU.Build.0 = Release|Any CPU
	EndGlobalSection
EndGlobal
